
Microsoft Visual Studio Solution File, Format Version 12.00
# Visual Studio Version 17
VisualStudioVersion = 17.5.002.0
MinimumVisualStudioVersion = 10.0.40219.1
Project("{9A19103F-16F7-4668-BE54-9A1E7A4F7556}") = "monarchs", "monarchs\monarchs.csproj", "{C6EC433D-23CF-4A7B-AD2F-EB37B3482BEA}"
EndProject
Global
	GlobalSection(SolutionConfigurationPlatforms) = preSolution
		Debug|Any CPU = Debug|Any CPU
		Release|Any CPU = Release|Any CPU
	EndGlobalSection
	GlobalSection(ProjectConfigurationPlatforms) = postSolution
		{C6EC433D-23CF-4A7B-AD2F-EB37B3482BEA}.Debug|Any CPU.ActiveCfg = Debug|Any CPU
		{C6EC433D-23CF-4A7B-AD2F-EB37B3482BEA}.Debug|Any CPU.Build.0 = Debug|Any CPU
		{C6EC433D-23CF-4A7B-AD2F-EB37B3482BEA}.Release|Any CPU.ActiveCfg = Release|Any CPU
		{C6EC433D-23CF-4A7B-AD2F-EB37B3482BEA}.Release|Any CPU.Build.0 = Release|Any CPU
	EndGlobalSection
	GlobalSection(SolutionProperties) = preSolution
		HideSolutionNode = FALSE
	EndGlobalSection
	GlobalSection(ExtensibilityGlobals) = postSolution
		SolutionGuid = {8528E65A-05E5-482F-989B-9ACC90D0A5C7}
	EndGlobalSection
EndGlobal
